
Microsoft Visual Studio Solution File, Format Version 12.00
# Visual Studio Version 17
VisualStudioVersion = 17.8.34316.72
MinimumVisualStudioVersion = 10.0.40219.1
Project("{9A19103F-16F7-4668-BE54-9A1E7A4F7556}") = "CatFoodSubscription.Web", "CatFoodSubscription.Web\CatFoodSubscription.Web.csproj", "{B520A566-062F-4259-A9AD-7E842A89ABAB}"
EndProject
Project("{2150E333-8FDC-42A3-9474-1A3956D46DE8}") = "Web", "Web", "{CEF48AAD-AE3A-4DCD-8D28-57733395A25E}"
EndProject
Project("{2150E333-8FDC-42A3-9474-1A3956D46DE8}") = "Data", "Data", "{A0302B1F-A834-4ACC-9DA3-46DA634A5EE0}"
EndProject
Project("{9A19103F-16F7-4668-BE54-9A1E7A4F7556}") = "CatFoodSubscription.Data", "CatFoodSubsctiptio.Data\CatFoodSubscription.Data.csproj", "{19DE53BF-ABA3-49A6-B51B-8609F7AC9490}"
EndProject
Project("{9A19103F-16F7-4668-BE54-9A1E7A4F7556}") = "CatFoodSubscription.Data.Models", "CatFoodSubscription.Data.Models\CatFoodSubscription.Data.Models.csproj", "{CD421BC5-E086-419C-8D82-834DB83491E6}"
EndProject
Project("{9A19103F-16F7-4668-BE54-9A1E7A4F7556}") = "CatFoodSubscription.Common", "CatFoodSubscription.Common\CatFoodSubscription.Common.csproj", "{0C2A8B42-ACF6-4325-89E7-19785CB38F87}"
EndProject
Project("{9A19103F-16F7-4668-BE54-9A1E7A4F7556}") = "CatFoodSubscription.Web.ViewModels", "CatFoodSubscription.Web.ViewModels\CatFoodSubscription.Web.ViewModels.csproj", "{634911F9-72F8-42F4-BC59-EA02D8A5AEBE}"
EndProject
Project("{2150E333-8FDC-42A3-9474-1A3956D46DE8}") = "Services", "Services", "{BD9EABB0-5C2C-435E-94E0-048847ABEBC2}"
EndProject
Project("{FAE04EC0-301F-11D3-BF4B-00C04F79EFBC}") = "CatFoodSubscription.Services.Data", "CatFoodSubscription.Services.Data\CatFoodSubscription.Services.Data.csproj", "{1885D121-2155-493A-8E47-1030D37C1DE2}"
EndProject
Global
	GlobalSection(SolutionConfigurationPlatforms) = preSolution
		Debug|Any CPU = Debug|Any CPU
		Release|Any CPU = Release|Any CPU
	EndGlobalSection
	GlobalSection(ProjectConfigurationPlatforms) = postSolution
		{B520A566-062F-4259-A9AD-7E842A89ABAB}.Debug|Any CPU.ActiveCfg = Debug|Any CPU
		{B520A566-062F-4259-A9AD-7E842A89ABAB}.Debug|Any CPU.Build.0 = Debug|Any CPU
		{B520A566-062F-4259-A9AD-7E842A89ABAB}.Release|Any CPU.ActiveCfg = Release|Any CPU
		{B520A566-062F-4259-A9AD-7E842A89ABAB}.Release|Any CPU.Build.0 = Release|Any CPU
		{19DE53BF-ABA3-49A6-B51B-8609F7AC9490}.Debug|Any CPU.ActiveCfg = Debug|Any CPU
		{19DE53BF-ABA3-49A6-B51B-8609F7AC9490}.Debug|Any CPU.Build.0 = Debug|Any CPU
		{19DE53BF-ABA3-49A6-B51B-8609F7AC9490}.Release|Any CPU.ActiveCfg = Release|Any CPU
		{19DE53BF-ABA3-49A6-B51B-8609F7AC9490}.Release|Any CPU.Build.0 = Release|Any CPU
		{CD421BC5-E086-419C-8D82-834DB83491E6}.Debug|Any CPU.ActiveCfg = Debug|Any CPU
		{CD421BC5-E086-419C-8D82-834DB83491E6}.Debug|Any CPU.Build.0 = Debug|Any CPU
		{CD421BC5-E086-419C-8D82-834DB83491E6}.Release|Any CPU.ActiveCfg = Release|Any CPU
		{CD421BC5-E086-419C-8D82-834DB83491E6}.Release|Any CPU.Build.0 = Release|Any CPU
		{0C2A8B42-ACF6-4325-89E7-19785CB38F87}.Debug|Any CPU.ActiveCfg = Debug|Any CPU
		{0C2A8B42-ACF6-4325-89E7-19785CB38F87}.Debug|Any CPU.Build.0 = Debug|Any CPU
		{0C2A8B42-ACF6-4325-89E7-19785CB38F87}.Release|Any CPU.ActiveCfg = Release|Any CPU
		{0C2A8B42-ACF6-4325-89E7-19785CB38F87}.Release|Any CPU.Build.0 = Release|Any CPU
		{634911F9-72F8-42F4-BC59-EA02D8A5AEBE}.Debug|Any CPU.ActiveCfg = Debug|Any CPU
		{634911F9-72F8-42F4-BC59-EA02D8A5AEBE}.Debug|Any CPU.Build.0 = Debug|Any CPU
		{634911F9-72F8-42F4-BC59-EA02D8A5AEBE}.Release|Any CPU.ActiveCfg = Release|Any CPU
		{634911F9-72F8-42F4-BC59-EA02D8A5AEBE}.Release|Any CPU.Build.0 = Release|Any CPU
		{1885D121-2155-493A-8E47-1030D37C1DE2}.Debug|Any CPU.ActiveCfg = Debug|Any CPU
		{1885D121-2155-493A-8E47-1030D37C1DE2}.Debug|Any CPU.Build.0 = Debug|Any CPU
		{1885D121-2155-493A-8E47-1030D37C1DE2}.Release|Any CPU.ActiveCfg = Release|Any CPU
		{1885D121-2155-493A-8E47-1030D37C1DE2}.Release|Any CPU.Build.0 = Release|Any CPU
	EndGlobalSection
	GlobalSection(SolutionProperties) = preSolution
		HideSolutionNode = FALSE
	EndGlobalSection
	GlobalSection(NestedProjects) = preSolution
		{B520A566-062F-4259-A9AD-7E842A89ABAB} = {CEF48AAD-AE3A-4DCD-8D28-57733395A25E}
		{19DE53BF-ABA3-49A6-B51B-8609F7AC9490} = {A0302B1F-A834-4ACC-9DA3-46DA634A5EE0}
		{CD421BC5-E086-419C-8D82-834DB83491E6} = {A0302B1F-A834-4ACC-9DA3-46DA634A5EE0}
		{634911F9-72F8-42F4-BC59-EA02D8A5AEBE} = {CEF48AAD-AE3A-4DCD-8D28-57733395A25E}
		{1885D121-2155-493A-8E47-1030D37C1DE2} = {BD9EABB0-5C2C-435E-94E0-048847ABEBC2}
	EndGlobalSection
	GlobalSection(ExtensibilityGlobals) = postSolution
		SolutionGuid = {9BE4F623-3786-41CE-8268-FDCEEC6DDC9E}
	EndGlobalSection
EndGlobal
